
Microsoft Visual Studio Solution File, Format Version 12.00
# Visual Studio Version 17
VisualStudioVersion = 17.3.32922.545
MinimumVisualStudioVersion = 10.0.40219.1
Project("{9A19103F-16F7-4668-BE54-9A1E7A4F7556}") = "CleanArchitecture.Infrastructure", "CleanArchitecture.Data\CleanArchitecture.Infrastructure.csproj", "{A93CC244-516F-4B9D-AD29-6F5FEC38F7E3}"
EndProject
Project("{9A19103F-16F7-4668-BE54-9A1E7A4F7556}") = "CleanArchitecture.Domain", "CleanArchitecture.Domain\CleanArchitecture.Domain.csproj", "{310321A3-5653-4384-B44C-FB8E60A009E2}"
EndProject
Project("{2150E333-8FDC-42A3-9474-1A3956D46DE8}") = "doc", "doc", "{40B47774-F9E8-4B17-9A6B-CB7F9B45C1B0}"
	ProjectSection(SolutionItems) = preProject
		Readme.txt = Readme.txt
	EndProjectSection
EndProject
Project("{2150E333-8FDC-42A3-9474-1A3956D46DE8}") = "src", "src", "{1884A5CC-37D0-43BD-B770-F7CD3108AAB1}"
EndProject
Project("{2150E333-8FDC-42A3-9474-1A3956D46DE8}") = "test", "test", "{89BB04E9-2142-44AE-83E0-A27DC3290365}"
EndProject
Project("{2150E333-8FDC-42A3-9474-1A3956D46DE8}") = "API", "API", "{81E8C576-7096-40D5-984C-F78744ABB88D}"
EndProject
Project("{2150E333-8FDC-42A3-9474-1A3956D46DE8}") = "Core", "Core", "{C5F6B8DE-AB27-4473-9313-D931272B569E}"
EndProject
Project("{2150E333-8FDC-42A3-9474-1A3956D46DE8}") = "Infrastructure", "Infrastructure", "{E5003C97-F406-4D18-A1A5-87F460241754}"
EndProject
Project("{FAE04EC0-301F-11D3-BF4B-00C04F79EFBC}") = "CleanArchitecture.API", "CleanArchitecture.API\CleanArchitecture.API.csproj", "{A401D208-6DFD-4CEC-8709-A5B2DF7AD302}"
EndProject
Project("{FAE04EC0-301F-11D3-BF4B-00C04F79EFBC}") = "CleanArchitecture.Application", "CleanArchitecture.Application\CleanArchitecture.Application.csproj", "{B4B6C588-717F-4973-B740-FA6EE89C841E}"
EndProject
Global
	GlobalSection(SolutionConfigurationPlatforms) = preSolution
		Debug|Any CPU = Debug|Any CPU
		Release|Any CPU = Release|Any CPU
	EndGlobalSection
	GlobalSection(ProjectConfigurationPlatforms) = postSolution
		{A93CC244-516F-4B9D-AD29-6F5FEC38F7E3}.Debug|Any CPU.ActiveCfg = Debug|Any CPU
		{A93CC244-516F-4B9D-AD29-6F5FEC38F7E3}.Debug|Any CPU.Build.0 = Debug|Any CPU
		{A93CC244-516F-4B9D-AD29-6F5FEC38F7E3}.Release|Any CPU.ActiveCfg = Release|Any CPU
		{A93CC244-516F-4B9D-AD29-6F5FEC38F7E3}.Release|Any CPU.Build.0 = Release|Any CPU
		{310321A3-5653-4384-B44C-FB8E60A009E2}.Debug|Any CPU.ActiveCfg = Debug|Any CPU
		{310321A3-5653-4384-B44C-FB8E60A009E2}.Debug|Any CPU.Build.0 = Debug|Any CPU
		{310321A3-5653-4384-B44C-FB8E60A009E2}.Release|Any CPU.ActiveCfg = Release|Any CPU
		{310321A3-5653-4384-B44C-FB8E60A009E2}.Release|Any CPU.Build.0 = Release|Any CPU
		{A401D208-6DFD-4CEC-8709-A5B2DF7AD302}.Debug|Any CPU.ActiveCfg = Debug|Any CPU
		{A401D208-6DFD-4CEC-8709-A5B2DF7AD302}.Debug|Any CPU.Build.0 = Debug|Any CPU
		{A401D208-6DFD-4CEC-8709-A5B2DF7AD302}.Release|Any CPU.ActiveCfg = Release|Any CPU
		{A401D208-6DFD-4CEC-8709-A5B2DF7AD302}.Release|Any CPU.Build.0 = Release|Any CPU
		{B4B6C588-717F-4973-B740-FA6EE89C841E}.Debug|Any CPU.ActiveCfg = Debug|Any CPU
		{B4B6C588-717F-4973-B740-FA6EE89C841E}.Debug|Any CPU.Build.0 = Debug|Any CPU
		{B4B6C588-717F-4973-B740-FA6EE89C841E}.Release|Any CPU.ActiveCfg = Release|Any CPU
		{B4B6C588-717F-4973-B740-FA6EE89C841E}.Release|Any CPU.Build.0 = Release|Any CPU
	EndGlobalSection
	GlobalSection(SolutionProperties) = preSolution
		HideSolutionNode = FALSE
	EndGlobalSection
	GlobalSection(NestedProjects) = preSolution
		{A93CC244-516F-4B9D-AD29-6F5FEC38F7E3} = {E5003C97-F406-4D18-A1A5-87F460241754}
		{310321A3-5653-4384-B44C-FB8E60A009E2} = {C5F6B8DE-AB27-4473-9313-D931272B569E}
		{81E8C576-7096-40D5-984C-F78744ABB88D} = {1884A5CC-37D0-43BD-B770-F7CD3108AAB1}
		{C5F6B8DE-AB27-4473-9313-D931272B569E} = {1884A5CC-37D0-43BD-B770-F7CD3108AAB1}
		{E5003C97-F406-4D18-A1A5-87F460241754} = {1884A5CC-37D0-43BD-B770-F7CD3108AAB1}
		{A401D208-6DFD-4CEC-8709-A5B2DF7AD302} = {81E8C576-7096-40D5-984C-F78744ABB88D}
		{B4B6C588-717F-4973-B740-FA6EE89C841E} = {C5F6B8DE-AB27-4473-9313-D931272B569E}
	EndGlobalSection
	GlobalSection(ExtensibilityGlobals) = postSolution
		SolutionGuid = {50008C4F-9DE7-4B42-A5E1-353E9F30902E}
	EndGlobalSection
EndGlobal
